
Microsoft Visual Studio Solution File, Format Version 12.00
# Visual Studio Version 16
VisualStudioVersion = 16.0.31515.178
MinimumVisualStudioVersion = 10.0.40219.1
Project("{FAE04EC0-301F-11D3-BF4B-00C04F79EFBC}") = "Test", "Test\Test.csproj", "{1E9F26FD-9D11-4238-A06D-F0F3CECF4F8D}"
EndProject
Global
	GlobalSection(SolutionConfigurationPlatforms) = preSolution
		Debug|Any CPU = Debug|Any CPU
		Release|Any CPU = Release|Any CPU
	EndGlobalSection
	GlobalSection(ProjectConfigurationPlatforms) = postSolution
		{1E9F26FD-9D11-4238-A06D-F0F3CECF4F8D}.Debug|Any CPU.ActiveCfg = Debug|Any CPU
		{1E9F26FD-9D11-4238-A06D-F0F3CECF4F8D}.Debug|Any CPU.Build.0 = Debug|Any CPU
		{1E9F26FD-9D11-4238-A06D-F0F3CECF4F8D}.Release|Any CPU.ActiveCfg = Release|Any CPU
		{1E9F26FD-9D11-4238-A06D-F0F3CECF4F8D}.Release|Any CPU.Build.0 = Release|Any CPU
	EndGlobalSection
	GlobalSection(SolutionProperties) = preSolution
		HideSolutionNode = FALSE
	EndGlobalSection
	GlobalSection(ExtensibilityGlobals) = postSolution
		SolutionGuid = {2B1ECB18-5B55-4700-BBA8-38AACEBCFEF3}
	EndGlobalSection
EndGlobal
